{
  "pins" : [
    {
      "identity" : "openssl-apple",
      "kind" : "remoteSourceControl",
      "location" : "https://github.com/passepartoutvpn/openssl-apple",
      "state" : {
        "revision" : "93a055021f02f1395a539dd418997699fdcfa86a",
        "version" : "3.5.500"
      }
    },
    {
      "identity" : "swiftybeaver",
      "kind" : "remoteSourceControl",
      "location" : "https://github.com/SwiftyBeaver/SwiftyBeaver",
      "state" : {
        "revision" : "12b5acf96d98f91d50de447369bd18df74600f1a",
        "version" : "1.9.6"
      }
    },
    {
      "identity" : "tunnelkit",
      "kind" : "remoteSourceControl",
      "location" : "https://github.com/ThanhHaiKhong/TunnelKit.git",
      "state" : {
        "branch" : "master",
        "revision" : "b87c8b3b95407156a73b708d7f6f5ad0cd1b2aac"
      }
    },
    {
      "identity" : "vpncorekit",
      "kind" : "remoteSourceControl",
      "location" : "https://github.com/ThanhHaiKhong/VpnCoreKit.git",
      "state" : {
        "branch" : "master",
        "revision" : "5559b753d00118c35147f2e3b233e1f70d06d916"
      }
    }
  ],
  "version" : 2
}
